
Microsoft Visual Studio Solution File, Format Version 12.00
# Visual Studio Version 17
VisualStudioVersion = 17.8.34330.188
MinimumVisualStudioVersion = 10.0.40219.1
Project("{FAE04EC0-301F-11D3-BF4B-00C04F79EFBC}") = "CRMMEDANALIZ", "CRMMEDANALIZ\CRMMEDANALIZ.csproj", "{14005230-A696-4EF1-95F6-36AD4DB599B2}"
EndProject
Project("{FAE04EC0-301F-11D3-BF4B-00C04F79EFBC}") = "Infrastructure", "Infrastructure\Infrastructure.csproj", "{CE330E6B-D7A9-4A69-A0AE-4F9AE9F33417}"
EndProject
Project("{2150E333-8FDC-42A3-9474-1A3956D46DE8}") = "Presentation", "Presentation", "{53B26F11-E5F8-4691-BF25-2674D428362C}"
EndProject
Project("{FAE04EC0-301F-11D3-BF4B-00C04F79EFBC}") = "Application", "Application\Application.csproj", "{71FFE363-548C-4350-939D-76C3C92C352E}"
EndProject
Project("{FAE04EC0-301F-11D3-BF4B-00C04F79EFBC}") = "Domain", "Domain\Domain.csproj", "{23D28D1C-75B4-497E-9A90-7C731D91594D}"
EndProject
Global
	GlobalSection(SolutionConfigurationPlatforms) = preSolution
		Debug|Any CPU = Debug|Any CPU
		Release|Any CPU = Release|Any CPU
	EndGlobalSection
	GlobalSection(ProjectConfigurationPlatforms) = postSolution
		{14005230-A696-4EF1-95F6-36AD4DB599B2}.Debug|Any CPU.ActiveCfg = Debug|Any CPU
		{14005230-A696-4EF1-95F6-36AD4DB599B2}.Debug|Any CPU.Build.0 = Debug|Any CPU
		{14005230-A696-4EF1-95F6-36AD4DB599B2}.Release|Any CPU.ActiveCfg = Release|Any CPU
		{14005230-A696-4EF1-95F6-36AD4DB599B2}.Release|Any CPU.Build.0 = Release|Any CPU
		{CE330E6B-D7A9-4A69-A0AE-4F9AE9F33417}.Debug|Any CPU.ActiveCfg = Debug|Any CPU
		{CE330E6B-D7A9-4A69-A0AE-4F9AE9F33417}.Debug|Any CPU.Build.0 = Debug|Any CPU
		{CE330E6B-D7A9-4A69-A0AE-4F9AE9F33417}.Release|Any CPU.ActiveCfg = Release|Any CPU
		{CE330E6B-D7A9-4A69-A0AE-4F9AE9F33417}.Release|Any CPU.Build.0 = Release|Any CPU
		{71FFE363-548C-4350-939D-76C3C92C352E}.Debug|Any CPU.ActiveCfg = Debug|Any CPU
		{71FFE363-548C-4350-939D-76C3C92C352E}.Debug|Any CPU.Build.0 = Debug|Any CPU
		{71FFE363-548C-4350-939D-76C3C92C352E}.Release|Any CPU.ActiveCfg = Release|Any CPU
		{71FFE363-548C-4350-939D-76C3C92C352E}.Release|Any CPU.Build.0 = Release|Any CPU
		{23D28D1C-75B4-497E-9A90-7C731D91594D}.Debug|Any CPU.ActiveCfg = Debug|Any CPU
		{23D28D1C-75B4-497E-9A90-7C731D91594D}.Debug|Any CPU.Build.0 = Debug|Any CPU
		{23D28D1C-75B4-497E-9A90-7C731D91594D}.Release|Any CPU.ActiveCfg = Release|Any CPU
		{23D28D1C-75B4-497E-9A90-7C731D91594D}.Release|Any CPU.Build.0 = Release|Any CPU
	EndGlobalSection
	GlobalSection(SolutionProperties) = preSolution
		HideSolutionNode = FALSE
	EndGlobalSection
	GlobalSection(NestedProjects) = preSolution
		{14005230-A696-4EF1-95F6-36AD4DB599B2} = {53B26F11-E5F8-4691-BF25-2674D428362C}
	EndGlobalSection
	GlobalSection(ExtensibilityGlobals) = postSolution
		SolutionGuid = {A58228F7-4ADB-41A8-9831-818903A2E056}
	EndGlobalSection
EndGlobal
